
Microsoft Visual Studio Solution File, Format Version 12.00
# Visual Studio Version 16
VisualStudioVersion = 16.0.29609.76
MinimumVisualStudioVersion = 10.0.40219.1
Project("{9A19103F-16F7-4668-BE54-9A1E7A4F7556}") = "Qualifier.Common", "Qualifier.Common\Qualifier.Common.csproj", "{9DA979C2-43B3-47F8-B9C9-70FDE8503165}"
EndProject
Project("{9A19103F-16F7-4668-BE54-9A1E7A4F7556}") = "Qualifier.Web", "Qualifier.Web\Qualifier.Web.csproj", "{8DB488AE-7993-437E-A0DA-9DB3A4E3C5FD}"
EndProject
Project("{FAE04EC0-301F-11D3-BF4B-00C04F79EFBC}") = "Qualifier.Prism", "Qualifier.Prism\Qualifier.Prism\Qualifier.Prism.csproj", "{9B040920-8358-4E15-A536-C897EC748CAE}"
EndProject
Project("{FAE04EC0-301F-11D3-BF4B-00C04F79EFBC}") = "Qualifier.Prism.Android", "Qualifier.Prism\Qualifier.Prism.Android\Qualifier.Prism.Android.csproj", "{BE0D9A65-DDEC-4393-B796-5D9406183788}"
EndProject
Project("{FAE04EC0-301F-11D3-BF4B-00C04F79EFBC}") = "Qualifier.Prism.iOS", "Qualifier.Prism\Qualifier.Prism.iOS\Qualifier.Prism.iOS.csproj", "{6624B6E8-48B6-4F7C-9E3E-30A996188786}"
EndProject
Project("{FAE04EC0-301F-11D3-BF4B-00C04F79EFBC}") = "Qualifier.Cross.Android", "Qualifier.Cross.Android\Qualifier.Cross.Android.csproj", "{FA7EC5A9-CE2C-4739-8D92-173039BB0C5D}"
EndProject
Project("{FAE04EC0-301F-11D3-BF4B-00C04F79EFBC}") = "Qualifier.Cross.iOS", "Qualifier.Cross.iOS\Qualifier.Cross.iOS.csproj", "{AB0C078E-AEEE-4D39-8EE5-CFED9281A08E}"
EndProject
Project("{FAE04EC0-301F-11D3-BF4B-00C04F79EFBC}") = "Qualifier.Repository", "Qualifier.Repository\Qualifier.Repository.csproj", "{A3E83D1D-FDEB-4F9B-8258-8097B2CF21C6}"
EndProject
Global
	GlobalSection(SolutionConfigurationPlatforms) = preSolution
		Ad-Hoc|Any CPU = Ad-Hoc|Any CPU
		Ad-Hoc|iPhone = Ad-Hoc|iPhone
		Ad-Hoc|iPhoneSimulator = Ad-Hoc|iPhoneSimulator
		AppStore|Any CPU = AppStore|Any CPU
		AppStore|iPhone = AppStore|iPhone
		AppStore|iPhoneSimulator = AppStore|iPhoneSimulator
		Debug|Any CPU = Debug|Any CPU
		Debug|iPhone = Debug|iPhone
		Debug|iPhoneSimulator = Debug|iPhoneSimulator
		Release|Any CPU = Release|Any CPU
		Release|iPhone = Release|iPhone
		Release|iPhoneSimulator = Release|iPhoneSimulator
	EndGlobalSection
	GlobalSection(ProjectConfigurationPlatforms) = postSolution
		{9DA979C2-43B3-47F8-B9C9-70FDE8503165}.Ad-Hoc|Any CPU.ActiveCfg = Release|Any CPU
		{9DA979C2-43B3-47F8-B9C9-70FDE8503165}.Ad-Hoc|Any CPU.Build.0 = Release|Any CPU
		{9DA979C2-43B3-47F8-B9C9-70FDE8503165}.Ad-Hoc|iPhone.ActiveCfg = Release|Any CPU
		{9DA979C2-43B3-47F8-B9C9-70FDE8503165}.Ad-Hoc|iPhone.Build.0 = Release|Any CPU
		{9DA979C2-43B3-47F8-B9C9-70FDE8503165}.Ad-Hoc|iPhoneSimulator.ActiveCfg = Release|Any CPU
		{9DA979C2-43B3-47F8-B9C9-70FDE8503165}.Ad-Hoc|iPhoneSimulator.Build.0 = Release|Any CPU
		{9DA979C2-43B3-47F8-B9C9-70FDE8503165}.AppStore|Any CPU.ActiveCfg = Release|Any CPU
		{9DA979C2-43B3-47F8-B9C9-70FDE8503165}.AppStore|Any CPU.Build.0 = Release|Any CPU
		{9DA979C2-43B3-47F8-B9C9-70FDE8503165}.AppStore|iPhone.ActiveCfg = Release|Any CPU
		{9DA979C2-43B3-47F8-B9C9-70FDE8503165}.AppStore|iPhone.Build.0 = Release|Any CPU
		{9DA979C2-43B3-47F8-B9C9-70FDE8503165}.AppStore|iPhoneSimulator.ActiveCfg = Release|Any CPU
		{9DA979C2-43B3-47F8-B9C9-70FDE8503165}.AppStore|iPhoneSimulator.Build.0 = Release|Any CPU
		{9DA979C2-43B3-47F8-B9C9-70FDE8503165}.Debug|Any CPU.ActiveCfg = Debug|Any CPU
		{9DA979C2-43B3-47F8-B9C9-70FDE8503165}.Debug|Any CPU.Build.0 = Debug|Any CPU
		{9DA979C2-43B3-47F8-B9C9-70FDE8503165}.Debug|iPhone.ActiveCfg = Debug|Any CPU
		{9DA979C2-43B3-47F8-B9C9-70FDE8503165}.Debug|iPhone.Build.0 = Debug|Any CPU
		{9DA979C2-43B3-47F8-B9C9-70FDE8503165}.Debug|iPhoneSimulator.ActiveCfg = Debug|Any CPU
		{9DA979C2-43B3-47F8-B9C9-70FDE8503165}.Debug|iPhoneSimulator.Build.0 = Debug|Any CPU
		{9DA979C2-43B3-47F8-B9C9-70FDE8503165}.Release|Any CPU.ActiveCfg = Release|Any CPU
		{9DA979C2-43B3-47F8-B9C9-70FDE8503165}.Release|Any CPU.Build.0 = Release|Any CPU
		{9DA979C2-43B3-47F8-B9C9-70FDE8503165}.Release|iPhone.ActiveCfg = Release|Any CPU
		{9DA979C2-43B3-47F8-B9C9-70FDE8503165}.Release|iPhone.Build.0 = Release|Any CPU
		{9DA979C2-43B3-47F8-B9C9-70FDE8503165}.Release|iPhoneSimulator.ActiveCfg = Release|Any CPU
		{9DA979C2-43B3-47F8-B9C9-70FDE8503165}.Release|iPhoneSimulator.Build.0 = Release|Any CPU
		{8DB488AE-7993-437E-A0DA-9DB3A4E3C5FD}.Ad-Hoc|Any CPU.ActiveCfg = Release|Any CPU
		{8DB488AE-7993-437E-A0DA-9DB3A4E3C5FD}.Ad-Hoc|Any CPU.Build.0 = Release|Any CPU
		{8DB488AE-7993-437E-A0DA-9DB3A4E3C5FD}.Ad-Hoc|iPhone.ActiveCfg = Release|Any CPU
		{8DB488AE-7993-437E-A0DA-9DB3A4E3C5FD}.Ad-Hoc|iPhone.Build.0 = Release|Any CPU
		{8DB488AE-7993-437E-A0DA-9DB3A4E3C5FD}.Ad-Hoc|iPhoneSimulator.ActiveCfg = Release|Any CPU
		{8DB488AE-7993-437E-A0DA-9DB3A4E3C5FD}.Ad-Hoc|iPhoneSimulator.Build.0 = Release|Any CPU
		{8DB488AE-7993-437E-A0DA-9DB3A4E3C5FD}.AppStore|Any CPU.ActiveCfg = Release|Any CPU
		{8DB488AE-7993-437E-A0DA-9DB3A4E3C5FD}.AppStore|Any CPU.Build.0 = Release|Any CPU
		{8DB488AE-7993-437E-A0DA-9DB3A4E3C5FD}.AppStore|iPhone.ActiveCfg = Release|Any CPU
		{8DB488AE-7993-437E-A0DA-9DB3A4E3C5FD}.AppStore|iPhone.Build.0 = Release|Any CPU
		{8DB488AE-7993-437E-A0DA-9DB3A4E3C5FD}.AppStore|iPhoneSimulator.ActiveCfg = Release|Any CPU
		{8DB488AE-7993-437E-A0DA-9DB3A4E3C5FD}.AppStore|iPhoneSimulator.Build.0 = Release|Any CPU
		{8DB488AE-7993-437E-A0DA-9DB3A4E3C5FD}.Debug|Any CPU.ActiveCfg = Debug|Any CPU
		{8DB488AE-7993-437E-A0DA-9DB3A4E3C5FD}.Debug|Any CPU.Build.0 = Debug|Any CPU
		{8DB488AE-7993-437E-A0DA-9DB3A4E3C5FD}.Debug|iPhone.ActiveCfg = Debug|Any CPU
		{8DB488AE-7993-437E-A0DA-9DB3A4E3C5FD}.Debug|iPhone.Build.0 = Debug|Any CPU
		{8DB488AE-7993-437E-A0DA-9DB3A4E3C5FD}.Debug|iPhoneSimulator.ActiveCfg = Debug|Any CPU
		{8DB488AE-7993-437E-A0DA-9DB3A4E3C5FD}.Debug|iPhoneSimulator.Build.0 = Debug|Any CPU
		{8DB488AE-7993-437E-A0DA-9DB3A4E3C5FD}.Release|Any CPU.ActiveCfg = Release|Any CPU
		{8DB488AE-7993-437E-A0DA-9DB3A4E3C5FD}.Release|Any CPU.Build.0 = Release|Any CPU
		{8DB488AE-7993-437E-A0DA-9DB3A4E3C5FD}.Release|iPhone.ActiveCfg = Release|Any CPU
		{8DB488AE-7993-437E-A0DA-9DB3A4E3C5FD}.Release|iPhone.Build.0 = Release|Any CPU
		{8DB488AE-7993-437E-A0DA-9DB3A4E3C5FD}.Release|iPhoneSimulator.ActiveCfg = Release|Any CPU
		{8DB488AE-7993-437E-A0DA-9DB3A4E3C5FD}.Release|iPhoneSimulator.Build.0 = Release|Any CPU
		{9B040920-8358-4E15-A536-C897EC748CAE}.Ad-Hoc|Any CPU.ActiveCfg = Debug|Any CPU
		{9B040920-8358-4E15-A536-C897EC748CAE}.Ad-Hoc|Any CPU.Build.0 = Debug|Any CPU
		{9B040920-8358-4E15-A536-C897EC748CAE}.Ad-Hoc|iPhone.ActiveCfg = Debug|Any CPU
		{9B040920-8358-4E15-A536-C897EC748CAE}.Ad-Hoc|iPhone.Build.0 = Debug|Any CPU
		{9B040920-8358-4E15-A536-C897EC748CAE}.Ad-Hoc|iPhoneSimulator.ActiveCfg = Debug|Any CPU
		{9B040920-8358-4E15-A536-C897EC748CAE}.Ad-Hoc|iPhoneSimulator.Build.0 = Debug|Any CPU
		{9B040920-8358-4E15-A536-C897EC748CAE}.AppStore|Any CPU.ActiveCfg = Debug|Any CPU
		{9B040920-8358-4E15-A536-C897EC748CAE}.AppStore|Any CPU.Build.0 = Debug|Any CPU
		{9B040920-8358-4E15-A536-C897EC748CAE}.AppStore|iPhone.ActiveCfg = Debug|Any CPU
		{9B040920-8358-4E15-A536-C897EC748CAE}.AppStore|iPhone.Build.0 = Debug|Any CPU
		{9B040920-8358-4E15-A536-C897EC748CAE}.AppStore|iPhoneSimulator.ActiveCfg = Debug|Any CPU
		{9B040920-8358-4E15-A536-C897EC748CAE}.AppStore|iPhoneSimulator.Build.0 = Debug|Any CPU
		{9B040920-8358-4E15-A536-C897EC748CAE}.Debug|Any CPU.ActiveCfg = Debug|Any CPU
		{9B040920-8358-4E15-A536-C897EC748CAE}.Debug|Any CPU.Build.0 = Debug|Any CPU
		{9B040920-8358-4E15-A536-C897EC748CAE}.Debug|iPhone.ActiveCfg = Debug|Any CPU
		{9B040920-8358-4E15-A536-C897EC748CAE}.Debug|iPhone.Build.0 = Debug|Any CPU
		{9B040920-8358-4E15-A536-C897EC748CAE}.Debug|iPhoneSimulator.ActiveCfg = Debug|Any CPU
		{9B040920-8358-4E15-A536-C897EC748CAE}.Debug|iPhoneSimulator.Build.0 = Debug|Any CPU
		{9B040920-8358-4E15-A536-C897EC748CAE}.Release|Any CPU.ActiveCfg = Release|Any CPU
		{9B040920-8358-4E15-A536-C897EC748CAE}.Release|Any CPU.Build.0 = Release|Any CPU
		{9B040920-8358-4E15-A536-C897EC748CAE}.Release|iPhone.ActiveCfg = Release|Any CPU
		{9B040920-8358-4E15-A536-C897EC748CAE}.Release|iPhone.Build.0 = Release|Any CPU
		{9B040920-8358-4E15-A536-C897EC748CAE}.Release|iPhoneSimulator.ActiveCfg = Release|Any CPU
		{9B040920-8358-4E15-A536-C897EC748CAE}.Release|iPhoneSimulator.Build.0 = Release|Any CPU
		{BE0D9A65-DDEC-4393-B796-5D9406183788}.Ad-Hoc|Any CPU.ActiveCfg = Release|Any CPU
		{BE0D9A65-DDEC-4393-B796-5D9406183788}.Ad-Hoc|Any CPU.Build.0 = Release|Any CPU
		{BE0D9A65-DDEC-4393-B796-5D9406183788}.Ad-Hoc|Any CPU.Deploy.0 = Release|Any CPU
		{BE0D9A65-DDEC-4393-B796-5D9406183788}.Ad-Hoc|iPhone.ActiveCfg = Release|Any CPU
		{BE0D9A65-DDEC-4393-B796-5D9406183788}.Ad-Hoc|iPhone.Build.0 = Release|Any CPU
		{BE0D9A65-DDEC-4393-B796-5D9406183788}.Ad-Hoc|iPhone.Deploy.0 = Release|Any CPU
		{BE0D9A65-DDEC-4393-B796-5D9406183788}.Ad-Hoc|iPhoneSimulator.ActiveCfg = Release|Any CPU
		{BE0D9A65-DDEC-4393-B796-5D9406183788}.Ad-Hoc|iPhoneSimulator.Build.0 = Release|Any CPU
		{BE0D9A65-DDEC-4393-B796-5D9406183788}.Ad-Hoc|iPhoneSimulator.Deploy.0 = Release|Any CPU
		{BE0D9A65-DDEC-4393-B796-5D9406183788}.AppStore|Any CPU.ActiveCfg = Release|Any CPU
		{BE0D9A65-DDEC-4393-B796-5D9406183788}.AppStore|Any CPU.Build.0 = Release|Any CPU
		{BE0D9A65-DDEC-4393-B796-5D9406183788}.AppStore|Any CPU.Deploy.0 = Release|Any CPU
		{BE0D9A65-DDEC-4393-B796-5D9406183788}.AppStore|iPhone.ActiveCfg = Release|Any CPU
		{BE0D9A65-DDEC-4393-B796-5D9406183788}.AppStore|iPhone.Build.0 = Release|Any CPU
		{BE0D9A65-DDEC-4393-B796-5D9406183788}.AppStore|iPhone.Deploy.0 = Release|Any CPU
		{BE0D9A65-DDEC-4393-B796-5D9406183788}.AppStore|iPhoneSimulator.ActiveCfg = Release|Any CPU
		{BE0D9A65-DDEC-4393-B796-5D9406183788}.AppStore|iPhoneSimulator.Build.0 = Release|Any CPU
		{BE0D9A65-DDEC-4393-B796-5D9406183788}.AppStore|iPhoneSimulator.Deploy.0 = Release|Any CPU
		{BE0D9A65-DDEC-4393-B796-5D9406183788}.Debug|Any CPU.ActiveCfg = Debug|Any CPU
		{BE0D9A65-DDEC-4393-B796-5D9406183788}.Debug|Any CPU.Build.0 = Debug|Any CPU
		{BE0D9A65-DDEC-4393-B796-5D9406183788}.Debug|Any CPU.Deploy.0 = Debug|Any CPU
		{BE0D9A65-DDEC-4393-B796-5D9406183788}.Debug|iPhone.ActiveCfg = Debug|Any CPU
		{BE0D9A65-DDEC-4393-B796-5D9406183788}.Debug|iPhone.Build.0 = Debug|Any CPU
		{BE0D9A65-DDEC-4393-B796-5D9406183788}.Debug|iPhone.Deploy.0 = Debug|Any CPU
		{BE0D9A65-DDEC-4393-B796-5D9406183788}.Debug|iPhoneSimulator.ActiveCfg = Debug|Any CPU
		{BE0D9A65-DDEC-4393-B796-5D9406183788}.Debug|iPhoneSimulator.Build.0 = Debug|Any CPU
		{BE0D9A65-DDEC-4393-B796-5D9406183788}.Debug|iPhoneSimulator.Deploy.0 = Debug|Any CPU
		{BE0D9A65-DDEC-4393-B796-5D9406183788}.Release|Any CPU.ActiveCfg = Release|Any CPU
		{BE0D9A65-DDEC-4393-B796-5D9406183788}.Release|Any CPU.Build.0 = Release|Any CPU
		{BE0D9A65-DDEC-4393-B796-5D9406183788}.Release|Any CPU.Deploy.0 = Release|Any CPU
		{BE0D9A65-DDEC-4393-B796-5D9406183788}.Release|iPhone.ActiveCfg = Release|Any CPU
		{BE0D9A65-DDEC-4393-B796-5D9406183788}.Release|iPhone.Build.0 = Release|Any CPU
		{BE0D9A65-DDEC-4393-B796-5D9406183788}.Release|iPhone.Deploy.0 = Release|Any CPU
		{BE0D9A65-DDEC-4393-B796-5D9406183788}.Release|iPhoneSimulator.ActiveCfg = Release|Any CPU
		{BE0D9A65-DDEC-4393-B796-5D9406183788}.Release|iPhoneSimulator.Build.0 = Release|Any CPU
		{BE0D9A65-DDEC-4393-B796-5D9406183788}.Release|iPhoneSimulator.Deploy.0 = Release|Any CPU
		{6624B6E8-48B6-4F7C-9E3E-30A996188786}.Ad-Hoc|Any CPU.ActiveCfg = Ad-Hoc|iPhone
		{6624B6E8-48B6-4F7C-9E3E-30A996188786}.Ad-Hoc|iPhone.ActiveCfg = Ad-Hoc|iPhone
		{6624B6E8-48B6-4F7C-9E3E-30A996188786}.Ad-Hoc|iPhone.Build.0 = Ad-Hoc|iPhone
		{6624B6E8-48B6-4F7C-9E3E-30A996188786}.Ad-Hoc|iPhoneSimulator.ActiveCfg = Ad-Hoc|iPhoneSimulator
		{6624B6E8-48B6-4F7C-9E3E-30A996188786}.Ad-Hoc|iPhoneSimulator.Build.0 = Ad-Hoc|iPhoneSimulator
		{6624B6E8-48B6-4F7C-9E3E-30A996188786}.AppStore|Any CPU.ActiveCfg = AppStore|iPhone
		{6624B6E8-48B6-4F7C-9E3E-30A996188786}.AppStore|iPhone.ActiveCfg = AppStore|iPhone
		{6624B6E8-48B6-4F7C-9E3E-30A996188786}.AppStore|iPhone.Build.0 = AppStore|iPhone
		{6624B6E8-48B6-4F7C-9E3E-30A996188786}.AppStore|iPhoneSimulator.ActiveCfg = AppStore|iPhoneSimulator
		{6624B6E8-48B6-4F7C-9E3E-30A996188786}.AppStore|iPhoneSimulator.Build.0 = AppStore|iPhoneSimulator
		{6624B6E8-48B6-4F7C-9E3E-30A996188786}.Debug|Any CPU.ActiveCfg = Debug|iPhone
		{6624B6E8-48B6-4F7C-9E3E-30A996188786}.Debug|iPhone.ActiveCfg = Debug|iPhone
		{6624B6E8-48B6-4F7C-9E3E-30A996188786}.Debug|iPhone.Build.0 = Debug|iPhone
		{6624B6E8-48B6-4F7C-9E3E-30A996188786}.Debug|iPhoneSimulator.ActiveCfg = Debug|iPhoneSimulator
		{6624B6E8-48B6-4F7C-9E3E-30A996188786}.Debug|iPhoneSimulator.Build.0 = Debug|iPhoneSimulator
		{6624B6E8-48B6-4F7C-9E3E-30A996188786}.Release|Any CPU.ActiveCfg = Release|iPhone
		{6624B6E8-48B6-4F7C-9E3E-30A996188786}.Release|iPhone.ActiveCfg = Release|iPhone
		{6624B6E8-48B6-4F7C-9E3E-30A996188786}.Release|iPhone.Build.0 = Release|iPhone
		{6624B6E8-48B6-4F7C-9E3E-30A996188786}.Release|iPhoneSimulator.ActiveCfg = Release|iPhoneSimulator
		{6624B6E8-48B6-4F7C-9E3E-30A996188786}.Release|iPhoneSimulator.Build.0 = Release|iPhoneSimulator
		{FA7EC5A9-CE2C-4739-8D92-173039BB0C5D}.Ad-Hoc|Any CPU.ActiveCfg = Release|Any CPU
		{FA7EC5A9-CE2C-4739-8D92-173039BB0C5D}.Ad-Hoc|Any CPU.Build.0 = Release|Any CPU
		{FA7EC5A9-CE2C-4739-8D92-173039BB0C5D}.Ad-Hoc|Any CPU.Deploy.0 = Release|Any CPU
		{FA7EC5A9-CE2C-4739-8D92-173039BB0C5D}.Ad-Hoc|iPhone.ActiveCfg = Release|Any CPU
		{FA7EC5A9-CE2C-4739-8D92-173039BB0C5D}.Ad-Hoc|iPhone.Build.0 = Release|Any CPU
		{FA7EC5A9-CE2C-4739-8D92-173039BB0C5D}.Ad-Hoc|iPhone.Deploy.0 = Release|Any CPU
		{FA7EC5A9-CE2C-4739-8D92-173039BB0C5D}.Ad-Hoc|iPhoneSimulator.ActiveCfg = Release|Any CPU
		{FA7EC5A9-CE2C-4739-8D92-173039BB0C5D}.Ad-Hoc|iPhoneSimulator.Build.0 = Release|Any CPU
		{FA7EC5A9-CE2C-4739-8D92-173039BB0C5D}.Ad-Hoc|iPhoneSimulator.Deploy.0 = Release|Any CPU
		{FA7EC5A9-CE2C-4739-8D92-173039BB0C5D}.AppStore|Any CPU.ActiveCfg = Release|Any CPU
		{FA7EC5A9-CE2C-4739-8D92-173039BB0C5D}.AppStore|Any CPU.Build.0 = Release|Any CPU
		{FA7EC5A9-CE2C-4739-8D92-173039BB0C5D}.AppStore|Any CPU.Deploy.0 = Release|Any CPU
		{FA7EC5A9-CE2C-4739-8D92-173039BB0C5D}.AppStore|iPhone.ActiveCfg = Release|Any CPU
		{FA7EC5A9-CE2C-4739-8D92-173039BB0C5D}.AppStore|iPhone.Build.0 = Release|Any CPU
		{FA7EC5A9-CE2C-4739-8D92-173039BB0C5D}.AppStore|iPhone.Deploy.0 = Release|Any CPU
		{FA7EC5A9-CE2C-4739-8D92-173039BB0C5D}.AppStore|iPhoneSimulator.ActiveCfg = Release|Any CPU
		{FA7EC5A9-CE2C-4739-8D92-173039BB0C5D}.AppStore|iPhoneSimulator.Build.0 = Release|Any CPU
		{FA7EC5A9-CE2C-4739-8D92-173039BB0C5D}.AppStore|iPhoneSimulator.Deploy.0 = Release|Any CPU
		{FA7EC5A9-CE2C-4739-8D92-173039BB0C5D}.Debug|Any CPU.ActiveCfg = Debug|Any CPU
		{FA7EC5A9-CE2C-4739-8D92-173039BB0C5D}.Debug|Any CPU.Build.0 = Debug|Any CPU
		{FA7EC5A9-CE2C-4739-8D92-173039BB0C5D}.Debug|Any CPU.Deploy.0 = Debug|Any CPU
		{FA7EC5A9-CE2C-4739-8D92-173039BB0C5D}.Debug|iPhone.ActiveCfg = Debug|Any CPU
		{FA7EC5A9-CE2C-4739-8D92-173039BB0C5D}.Debug|iPhone.Build.0 = Debug|Any CPU
		{FA7EC5A9-CE2C-4739-8D92-173039BB0C5D}.Debug|iPhone.Deploy.0 = Debug|Any CPU
		{FA7EC5A9-CE2C-4739-8D92-173039BB0C5D}.Debug|iPhoneSimulator.ActiveCfg = Debug|Any CPU
		{FA7EC5A9-CE2C-4739-8D92-173039BB0C5D}.Debug|iPhoneSimulator.Build.0 = Debug|Any CPU
		{FA7EC5A9-CE2C-4739-8D92-173039BB0C5D}.Debug|iPhoneSimulator.Deploy.0 = Debug|Any CPU
		{FA7EC5A9-CE2C-4739-8D92-173039BB0C5D}.Release|Any CPU.ActiveCfg = Release|Any CPU
		{FA7EC5A9-CE2C-4739-8D92-173039BB0C5D}.Release|Any CPU.Build.0 = Release|Any CPU
		{FA7EC5A9-CE2C-4739-8D92-173039BB0C5D}.Release|Any CPU.Deploy.0 = Release|Any CPU
		{FA7EC5A9-CE2C-4739-8D92-173039BB0C5D}.Release|iPhone.ActiveCfg = Release|Any CPU
		{FA7EC5A9-CE2C-4739-8D92-173039BB0C5D}.Release|iPhone.Build.0 = Release|Any CPU
		{FA7EC5A9-CE2C-4739-8D92-173039BB0C5D}.Release|iPhone.Deploy.0 = Release|Any CPU
		{FA7EC5A9-CE2C-4739-8D92-173039BB0C5D}.Release|iPhoneSimulator.ActiveCfg = Release|Any CPU
		{FA7EC5A9-CE2C-4739-8D92-173039BB0C5D}.Release|iPhoneSimulator.Build.0 = Release|Any CPU
		{FA7EC5A9-CE2C-4739-8D92-173039BB0C5D}.Release|iPhoneSimulator.Deploy.0 = Release|Any CPU
		{AB0C078E-AEEE-4D39-8EE5-CFED9281A08E}.Ad-Hoc|Any CPU.ActiveCfg = Release|iPhone
		{AB0C078E-AEEE-4D39-8EE5-CFED9281A08E}.Ad-Hoc|Any CPU.Build.0 = Release|iPhone
		{AB0C078E-AEEE-4D39-8EE5-CFED9281A08E}.Ad-Hoc|iPhone.ActiveCfg = Release|iPhone
		{AB0C078E-AEEE-4D39-8EE5-CFED9281A08E}.Ad-Hoc|iPhone.Build.0 = Release|iPhone
		{AB0C078E-AEEE-4D39-8EE5-CFED9281A08E}.Ad-Hoc|iPhoneSimulator.ActiveCfg = Release|iPhoneSimulator
		{AB0C078E-AEEE-4D39-8EE5-CFED9281A08E}.Ad-Hoc|iPhoneSimulator.Build.0 = Release|iPhoneSimulator
		{AB0C078E-AEEE-4D39-8EE5-CFED9281A08E}.AppStore|Any CPU.ActiveCfg = Release|iPhone
		{AB0C078E-AEEE-4D39-8EE5-CFED9281A08E}.AppStore|Any CPU.Build.0 = Release|iPhone
		{AB0C078E-AEEE-4D39-8EE5-CFED9281A08E}.AppStore|iPhone.ActiveCfg = Release|iPhone
		{AB0C078E-AEEE-4D39-8EE5-CFED9281A08E}.AppStore|iPhone.Build.0 = Release|iPhone
		{AB0C078E-AEEE-4D39-8EE5-CFED9281A08E}.AppStore|iPhoneSimulator.ActiveCfg = Release|iPhoneSimulator
		{AB0C078E-AEEE-4D39-8EE5-CFED9281A08E}.AppStore|iPhoneSimulator.Build.0 = Release|iPhoneSimulator
		{AB0C078E-AEEE-4D39-8EE5-CFED9281A08E}.Debug|Any CPU.ActiveCfg = Debug|iPhone
		{AB0C078E-AEEE-4D39-8EE5-CFED9281A08E}.Debug|iPhone.ActiveCfg = Debug|iPhone
		{AB0C078E-AEEE-4D39-8EE5-CFED9281A08E}.Debug|iPhone.Build.0 = Debug|iPhone
		{AB0C078E-AEEE-4D39-8EE5-CFED9281A08E}.Debug|iPhoneSimulator.ActiveCfg = Debug|iPhoneSimulator
		{AB0C078E-AEEE-4D39-8EE5-CFED9281A08E}.Debug|iPhoneSimulator.Build.0 = Debug|iPhoneSimulator
		{AB0C078E-AEEE-4D39-8EE5-CFED9281A08E}.Release|Any CPU.ActiveCfg = Release|iPhone
		{AB0C078E-AEEE-4D39-8EE5-CFED9281A08E}.Release|iPhone.ActiveCfg = Release|iPhone
		{AB0C078E-AEEE-4D39-8EE5-CFED9281A08E}.Release|iPhone.Build.0 = Release|iPhone
		{AB0C078E-AEEE-4D39-8EE5-CFED9281A08E}.Release|iPhoneSimulator.ActiveCfg = Release|iPhoneSimulator
		{AB0C078E-AEEE-4D39-8EE5-CFED9281A08E}.Release|iPhoneSimulator.Build.0 = Release|iPhoneSimulator
		{A3E83D1D-FDEB-4F9B-8258-8097B2CF21C6}.Ad-Hoc|Any CPU.ActiveCfg = Debug|Any CPU
		{A3E83D1D-FDEB-4F9B-8258-8097B2CF21C6}.Ad-Hoc|Any CPU.Build.0 = Debug|Any CPU
		{A3E83D1D-FDEB-4F9B-8258-8097B2CF21C6}.Ad-Hoc|iPhone.ActiveCfg = Debug|Any CPU
		{A3E83D1D-FDEB-4F9B-8258-8097B2CF21C6}.Ad-Hoc|iPhone.Build.0 = Debug|Any CPU
		{A3E83D1D-FDEB-4F9B-8258-8097B2CF21C6}.Ad-Hoc|iPhoneSimulator.ActiveCfg = Debug|Any CPU
		{A3E83D1D-FDEB-4F9B-8258-8097B2CF21C6}.Ad-Hoc|iPhoneSimulator.Build.0 = Debug|Any CPU
		{A3E83D1D-FDEB-4F9B-8258-8097B2CF21C6}.AppStore|Any CPU.ActiveCfg = Debug|Any CPU
		{A3E83D1D-FDEB-4F9B-8258-8097B2CF21C6}.AppStore|Any CPU.Build.0 = Debug|Any CPU
		{A3E83D1D-FDEB-4F9B-8258-8097B2CF21C6}.AppStore|iPhone.ActiveCfg = Debug|Any CPU
		{A3E83D1D-FDEB-4F9B-8258-8097B2CF21C6}.AppStore|iPhone.Build.0 = Debug|Any CPU
		{A3E83D1D-FDEB-4F9B-8258-8097B2CF21C6}.AppStore|iPhoneSimulator.ActiveCfg = Debug|Any CPU
		{A3E83D1D-FDEB-4F9B-8258-8097B2CF21C6}.AppStore|iPhoneSimulator.Build.0 = Debug|Any CPU
		{A3E83D1D-FDEB-4F9B-8258-8097B2CF21C6}.Debug|Any CPU.ActiveCfg = Debug|Any CPU
		{A3E83D1D-FDEB-4F9B-8258-8097B2CF21C6}.Debug|Any CPU.Build.0 = Debug|Any CPU
		{A3E83D1D-FDEB-4F9B-8258-8097B2CF21C6}.Debug|iPhone.ActiveCfg = Debug|Any CPU
		{A3E83D1D-FDEB-4F9B-8258-8097B2CF21C6}.Debug|iPhone.Build.0 = Debug|Any CPU
		{A3E83D1D-FDEB-4F9B-8258-8097B2CF21C6}.Debug|iPhoneSimulator.ActiveCfg = Debug|Any CPU
		{A3E83D1D-FDEB-4F9B-8258-8097B2CF21C6}.Debug|iPhoneSimulator.Build.0 = Debug|Any CPU
		{A3E83D1D-FDEB-4F9B-8258-8097B2CF21C6}.Release|Any CPU.ActiveCfg = Release|Any CPU
		{A3E83D1D-FDEB-4F9B-8258-8097B2CF21C6}.Release|Any CPU.Build.0 = Release|Any CPU
		{A3E83D1D-FDEB-4F9B-8258-8097B2CF21C6}.Release|iPhone.ActiveCfg = Release|Any CPU
		{A3E83D1D-FDEB-4F9B-8258-8097B2CF21C6}.Release|iPhone.Build.0 = Release|Any CPU
		{A3E83D1D-FDEB-4F9B-8258-8097B2CF21C6}.Release|iPhoneSimulator.ActiveCfg = Release|Any CPU
		{A3E83D1D-FDEB-4F9B-8258-8097B2CF21C6}.Release|iPhoneSimulator.Build.0 = Release|Any CPU
	EndGlobalSection
	GlobalSection(SolutionProperties) = preSolution
		HideSolutionNode = FALSE
	EndGlobalSection
	GlobalSection(ExtensibilityGlobals) = postSolution
		SolutionGuid = {313BD73F-5C47-4C31-972C-E2BFE3977D64}
	EndGlobalSection
EndGlobal
